
Microsoft Visual Studio Solution File, Format Version 12.00
# Visual Studio 15
VisualStudioVersion = 15.0.28307.168
MinimumVisualStudioVersion = 10.0.40219.1
Project("{FAE04EC0-301F-11D3-BF4B-00C04F79EFBC}") = "WebApplication3", "WebApplication3\WebApplication3.csproj", "{478936BA-2A7D-4A2A-9B28-E97B0467226D}"
EndProject
Global
	GlobalSection(SolutionConfigurationPlatforms) = preSolution
		Debug|Any CPU = Debug|Any CPU
		Release|Any CPU = Release|Any CPU
	EndGlobalSection
	GlobalSection(ProjectConfigurationPlatforms) = postSolution
		{478936BA-2A7D-4A2A-9B28-E97B0467226D}.Debug|Any CPU.ActiveCfg = Debug|Any CPU
		{478936BA-2A7D-4A2A-9B28-E97B0467226D}.Debug|Any CPU.Build.0 = Debug|Any CPU
		{478936BA-2A7D-4A2A-9B28-E97B0467226D}.Release|Any CPU.ActiveCfg = Release|Any CPU
		{478936BA-2A7D-4A2A-9B28-E97B0467226D}.Release|Any CPU.Build.0 = Release|Any CPU
	EndGlobalSection
	GlobalSection(SolutionProperties) = preSolution
		HideSolutionNode = FALSE
	EndGlobalSection
	GlobalSection(ExtensibilityGlobals) = postSolution
		SolutionGuid = {FA6A4484-0F64-492E-A994-F9D53666E790}
	EndGlobalSection
EndGlobal
